
Microsoft Visual Studio Solution File, Format Version 12.00
# Visual Studio Version 17
VisualStudioVersion = 17.14.36414.22 d17.14
MinimumVisualStudioVersion = 10.0.40219.1
Project("{FAE04EC0-301F-11D3-BF4B-00C04F79EFBC}") = "CRUD", "CRUD\CRUD.csproj", "{D20BD258-8742-479F-A1E8-B82E646D5CDE}"
EndProject
Global
	GlobalSection(SolutionConfigurationPlatforms) = preSolution
		Debug|Any CPU = Debug|Any CPU
		Release|Any CPU = Release|Any CPU
	EndGlobalSection
	GlobalSection(ProjectConfigurationPlatforms) = postSolution
		{D20BD258-8742-479F-A1E8-B82E646D5CDE}.Debug|Any CPU.ActiveCfg = Debug|Any CPU
		{D20BD258-8742-479F-A1E8-B82E646D5CDE}.Debug|Any CPU.Build.0 = Debug|Any CPU
		{D20BD258-8742-479F-A1E8-B82E646D5CDE}.Release|Any CPU.ActiveCfg = Release|Any CPU
		{D20BD258-8742-479F-A1E8-B82E646D5CDE}.Release|Any CPU.Build.0 = Release|Any CPU
	EndGlobalSection
	GlobalSection(SolutionProperties) = preSolution
		HideSolutionNode = FALSE
	EndGlobalSection
	GlobalSection(ExtensibilityGlobals) = postSolution
		SolutionGuid = {FDE45D61-06A9-4C64-82BC-E02FDFF574B1}
	EndGlobalSection
EndGlobal
